
Microsoft Visual Studio Solution File, Format Version 12.00
# Visual Studio Version 17
VisualStudioVersion = 17.6.33723.286
MinimumVisualStudioVersion = 10.0.40219.1
Project("{FAE04EC0-301F-11D3-BF4B-00C04F79EFBC}") = "SpaceEngine", "SpaceEngine\SpaceEngine.csproj", "{050339F1-84DC-4664-B994-98FE527CD684}"
EndProject
Global
	GlobalSection(SolutionConfigurationPlatforms) = preSolution
		Debug|Any CPU = Debug|Any CPU
		Release|Any CPU = Release|Any CPU
	EndGlobalSection
	GlobalSection(ProjectConfigurationPlatforms) = postSolution
		{050339F1-84DC-4664-B994-98FE527CD684}.Debug|Any CPU.ActiveCfg = Debug|Any CPU
		{050339F1-84DC-4664-B994-98FE527CD684}.Debug|Any CPU.Build.0 = Debug|Any CPU
		{050339F1-84DC-4664-B994-98FE527CD684}.Release|Any CPU.ActiveCfg = Release|Any CPU
		{050339F1-84DC-4664-B994-98FE527CD684}.Release|Any CPU.Build.0 = Release|Any CPU
	EndGlobalSection
	GlobalSection(SolutionProperties) = preSolution
		HideSolutionNode = FALSE
	EndGlobalSection
	GlobalSection(ExtensibilityGlobals) = postSolution
		SolutionGuid = {B306ED92-F204-406E-A651-54565FB3A87B}
	EndGlobalSection
EndGlobal
